
Microsoft Visual Studio Solution File, Format Version 12.00
# Visual Studio Version 16
VisualStudioVersion = 16.0.30907.101
MinimumVisualStudioVersion = 10.0.40219.1
Project("{FAE04EC0-301F-11D3-BF4B-00C04F79EFBC}") = "MySimpleGame", "MySimpleGame.csproj", "{EEE230EC-65E5-448E-9A83-CCE17595C581}"
EndProject
Global
	GlobalSection(SolutionConfigurationPlatforms) = preSolution
		Debug|Any CPU = Debug|Any CPU
		Release|Any CPU = Release|Any CPU
	EndGlobalSection
	GlobalSection(ProjectConfigurationPlatforms) = postSolution
		{EEE230EC-65E5-448E-9A83-CCE17595C581}.Debug|Any CPU.ActiveCfg = Debug|Any CPU
		{EEE230EC-65E5-448E-9A83-CCE17595C581}.Debug|Any CPU.Build.0 = Debug|Any CPU
		{EEE230EC-65E5-448E-9A83-CCE17595C581}.Release|Any CPU.ActiveCfg = Release|Any CPU
		{EEE230EC-65E5-448E-9A83-CCE17595C581}.Release|Any CPU.Build.0 = Release|Any CPU
	EndGlobalSection
	GlobalSection(SolutionProperties) = preSolution
		HideSolutionNode = FALSE
	EndGlobalSection
	GlobalSection(ExtensibilityGlobals) = postSolution
		SolutionGuid = {4615908C-32CF-489C-98FD-A1B81E9D455C}
	EndGlobalSection
EndGlobal
